
Microsoft Visual Studio Solution File, Format Version 12.00
# Visual Studio Version 16
VisualStudioVersion = 16.0.30011.22
MinimumVisualStudioVersion = 10.0.40219.1
Project("{FAE04EC0-301F-11D3-BF4B-00C04F79EFBC}") = "Enum", "Enum\Enum.csproj", "{99F8AE8C-07A4-4713-933C-71252D72E88D}"
EndProject
Global
	GlobalSection(SolutionConfigurationPlatforms) = preSolution
		Debug|Any CPU = Debug|Any CPU
		Release|Any CPU = Release|Any CPU
	EndGlobalSection
	GlobalSection(ProjectConfigurationPlatforms) = postSolution
		{99F8AE8C-07A4-4713-933C-71252D72E88D}.Debug|Any CPU.ActiveCfg = Debug|Any CPU
		{99F8AE8C-07A4-4713-933C-71252D72E88D}.Debug|Any CPU.Build.0 = Debug|Any CPU
		{99F8AE8C-07A4-4713-933C-71252D72E88D}.Release|Any CPU.ActiveCfg = Release|Any CPU
		{99F8AE8C-07A4-4713-933C-71252D72E88D}.Release|Any CPU.Build.0 = Release|Any CPU
	EndGlobalSection
	GlobalSection(SolutionProperties) = preSolution
		HideSolutionNode = FALSE
	EndGlobalSection
	GlobalSection(ExtensibilityGlobals) = postSolution
		SolutionGuid = {FA516BC3-E647-4580-B813-6BBE0AB198B0}
	EndGlobalSection
EndGlobal
