
Microsoft Visual Studio Solution File, Format Version 12.00
# Visual Studio Version 16
VisualStudioVersion = 16.0.30011.22
MinimumVisualStudioVersion = 10.0.40219.1
Project("{FAE04EC0-301F-11D3-BF4B-00C04F79EFBC}") = "Inheritance3", "Inheritance3\Inheritance3.csproj", "{C7466714-BB28-4750-B417-4049DA1ECDAD}"
EndProject
Global
	GlobalSection(SolutionConfigurationPlatforms) = preSolution
		Debug|Any CPU = Debug|Any CPU
		Release|Any CPU = Release|Any CPU
	EndGlobalSection
	GlobalSection(ProjectConfigurationPlatforms) = postSolution
		{C7466714-BB28-4750-B417-4049DA1ECDAD}.Debug|Any CPU.ActiveCfg = Debug|Any CPU
		{C7466714-BB28-4750-B417-4049DA1ECDAD}.Debug|Any CPU.Build.0 = Debug|Any CPU
		{C7466714-BB28-4750-B417-4049DA1ECDAD}.Release|Any CPU.ActiveCfg = Release|Any CPU
		{C7466714-BB28-4750-B417-4049DA1ECDAD}.Release|Any CPU.Build.0 = Release|Any CPU
	EndGlobalSection
	GlobalSection(SolutionProperties) = preSolution
		HideSolutionNode = FALSE
	EndGlobalSection
	GlobalSection(ExtensibilityGlobals) = postSolution
		SolutionGuid = {3455EBA1-94EA-4853-8E47-13869D8956C2}
	EndGlobalSection
EndGlobal
