
Microsoft Visual Studio Solution File, Format Version 12.00
# Visual Studio Version 16
VisualStudioVersion = 16.0.30011.22
MinimumVisualStudioVersion = 10.0.40219.1
Project("{FAE04EC0-301F-11D3-BF4B-00C04F79EFBC}") = "Interfaces", "Interfaces\Interfaces.csproj", "{19BEF463-F296-43FE-A841-2E388278C70D}"
EndProject
Global
	GlobalSection(SolutionConfigurationPlatforms) = preSolution
		Debug|Any CPU = Debug|Any CPU
		Release|Any CPU = Release|Any CPU
	EndGlobalSection
	GlobalSection(ProjectConfigurationPlatforms) = postSolution
		{19BEF463-F296-43FE-A841-2E388278C70D}.Debug|Any CPU.ActiveCfg = Debug|Any CPU
		{19BEF463-F296-43FE-A841-2E388278C70D}.Debug|Any CPU.Build.0 = Debug|Any CPU
		{19BEF463-F296-43FE-A841-2E388278C70D}.Release|Any CPU.ActiveCfg = Release|Any CPU
		{19BEF463-F296-43FE-A841-2E388278C70D}.Release|Any CPU.Build.0 = Release|Any CPU
	EndGlobalSection
	GlobalSection(SolutionProperties) = preSolution
		HideSolutionNode = FALSE
	EndGlobalSection
	GlobalSection(ExtensibilityGlobals) = postSolution
		SolutionGuid = {25D7F52F-D71A-4497-A22D-D441578D1D58}
	EndGlobalSection
EndGlobal
